
Microsoft Visual Studio Solution File, Format Version 12.00
# Visual Studio Version 16
VisualStudioVersion = 16.0.30907.101
MinimumVisualStudioVersion = 10.0.40219.1
Project("{9A19103F-16F7-4668-BE54-9A1E7A4F7556}") = "EvenOrOdd", "TDD-Kata\EvenOrOdd\EvenOrOdd\EvenOrOdd.csproj", "{BD633CE0-7A70-4135-AC33-E03C55BA0E25}"
EndProject
Project("{2150E333-8FDC-42A3-9474-1A3956D46DE8}") = "Academy", "Academy", "{9BF38C6C-E89B-4418-8603-E8B7B737AD7A}"
EndProject
Project("{2150E333-8FDC-42A3-9474-1A3956D46DE8}") = "EvenOrOdd", "EvenOrOdd", "{B60B1870-E51A-49F3-95C4-40873DCF5E65}"
EndProject
Project("{9A19103F-16F7-4668-BE54-9A1E7A4F7556}") = "EvenOrOdd.Test", "TDD-Kata\EvenOrOdd\EvenOrOdd.Test\EvenOrOdd.Test.csproj", "{5E08F83F-E3AC-4234-8110-2CF7E8AA6D50}"
EndProject
Project("{9A19103F-16F7-4668-BE54-9A1E7A4F7556}") = "FizzBuzz", "TDD-Kata\FizzBuzz\FizzBuzz\FizzBuzz.csproj", "{93481107-9BE6-4D89-B1EA-E9CB15EC72BB}"
EndProject
Project("{2150E333-8FDC-42A3-9474-1A3956D46DE8}") = "FizzBuzz ", "FizzBuzz ", "{347BD2D2-E2C0-4B56-8F1F-4D9D96A43FC0}"
EndProject
Project("{2150E333-8FDC-42A3-9474-1A3956D46DE8}") = "TDD-Kata", "TDD-Kata", "{68D934DB-79AF-4FF1-98B3-33957EFFE176}"
EndProject
Project("{9A19103F-16F7-4668-BE54-9A1E7A4F7556}") = "FizzBuzz.Test", "TDD-Kata\FizzBuzz\FizzBuzz.Test\FizzBuzz.Test.csproj", "{84DB1B8A-DC41-40CE-8D4F-97C14C170DFF}"
EndProject
Project("{2150E333-8FDC-42A3-9474-1A3956D46DE8}") = "Project", "Project", "{237585F5-E825-4122-8992-135FF222B170}"
EndProject
Global
	GlobalSection(SolutionConfigurationPlatforms) = preSolution
		Debug|Any CPU = Debug|Any CPU
		Release|Any CPU = Release|Any CPU
	EndGlobalSection
	GlobalSection(ProjectConfigurationPlatforms) = postSolution
		{BD633CE0-7A70-4135-AC33-E03C55BA0E25}.Debug|Any CPU.ActiveCfg = Debug|Any CPU
		{BD633CE0-7A70-4135-AC33-E03C55BA0E25}.Debug|Any CPU.Build.0 = Debug|Any CPU
		{BD633CE0-7A70-4135-AC33-E03C55BA0E25}.Release|Any CPU.ActiveCfg = Release|Any CPU
		{BD633CE0-7A70-4135-AC33-E03C55BA0E25}.Release|Any CPU.Build.0 = Release|Any CPU
		{5E08F83F-E3AC-4234-8110-2CF7E8AA6D50}.Debug|Any CPU.ActiveCfg = Debug|Any CPU
		{5E08F83F-E3AC-4234-8110-2CF7E8AA6D50}.Debug|Any CPU.Build.0 = Debug|Any CPU
		{5E08F83F-E3AC-4234-8110-2CF7E8AA6D50}.Release|Any CPU.ActiveCfg = Release|Any CPU
		{5E08F83F-E3AC-4234-8110-2CF7E8AA6D50}.Release|Any CPU.Build.0 = Release|Any CPU
		{93481107-9BE6-4D89-B1EA-E9CB15EC72BB}.Debug|Any CPU.ActiveCfg = Debug|Any CPU
		{93481107-9BE6-4D89-B1EA-E9CB15EC72BB}.Debug|Any CPU.Build.0 = Debug|Any CPU
		{93481107-9BE6-4D89-B1EA-E9CB15EC72BB}.Release|Any CPU.ActiveCfg = Release|Any CPU
		{93481107-9BE6-4D89-B1EA-E9CB15EC72BB}.Release|Any CPU.Build.0 = Release|Any CPU
		{84DB1B8A-DC41-40CE-8D4F-97C14C170DFF}.Debug|Any CPU.ActiveCfg = Debug|Any CPU
		{84DB1B8A-DC41-40CE-8D4F-97C14C170DFF}.Debug|Any CPU.Build.0 = Debug|Any CPU
		{84DB1B8A-DC41-40CE-8D4F-97C14C170DFF}.Release|Any CPU.ActiveCfg = Release|Any CPU
		{84DB1B8A-DC41-40CE-8D4F-97C14C170DFF}.Release|Any CPU.Build.0 = Release|Any CPU
	EndGlobalSection
	GlobalSection(SolutionProperties) = preSolution
		HideSolutionNode = FALSE
	EndGlobalSection
	GlobalSection(NestedProjects) = preSolution
		{BD633CE0-7A70-4135-AC33-E03C55BA0E25} = {B60B1870-E51A-49F3-95C4-40873DCF5E65}
		{9BF38C6C-E89B-4418-8603-E8B7B737AD7A} = {237585F5-E825-4122-8992-135FF222B170}
		{B60B1870-E51A-49F3-95C4-40873DCF5E65} = {68D934DB-79AF-4FF1-98B3-33957EFFE176}
		{5E08F83F-E3AC-4234-8110-2CF7E8AA6D50} = {B60B1870-E51A-49F3-95C4-40873DCF5E65}
		{93481107-9BE6-4D89-B1EA-E9CB15EC72BB} = {347BD2D2-E2C0-4B56-8F1F-4D9D96A43FC0}
		{347BD2D2-E2C0-4B56-8F1F-4D9D96A43FC0} = {68D934DB-79AF-4FF1-98B3-33957EFFE176}
		{84DB1B8A-DC41-40CE-8D4F-97C14C170DFF} = {347BD2D2-E2C0-4B56-8F1F-4D9D96A43FC0}
	EndGlobalSection
	GlobalSection(ExtensibilityGlobals) = postSolution
		SolutionGuid = {8218549B-E483-4EC1-A028-A440DC91EDC2}
	EndGlobalSection
EndGlobal
